
Microsoft Visual Studio Solution File, Format Version 12.00
# Visual Studio 15
VisualStudioVersion = 15.0.27703.2035
MinimumVisualStudioVersion = 10.0.40219.1
Project("{2150E333-8FDC-42A3-9474-1A3956D46DE8}") = "Files", "Files", "{D7504FC4-BC1A-449D-9BDE-1EA742E1FF16}"
	ProjectSection(SolutionItems) = preProject
		.gitignore = .gitignore
		LICENSE.md = LICENSE.md
		README.md = README.md
		VERSION.md = VERSION.md
	EndProjectSection
EndProject
Project("{9A19103F-16F7-4668-BE54-9A1E7A4F7556}") = "Substrate", "Substrate\Substrate.csproj", "{6291CF3A-FD5C-48B1-9181-91961F61B6BE}"
EndProject
Project("{9A19103F-16F7-4668-BE54-9A1E7A4F7556}") = "Substrate.Entities", "Substrate.Entities\Substrate.Entities.csproj", "{3DA6B692-FBDC-4ABB-8B8E-C7CAC4D94AAA}"
EndProject
Project("{9A19103F-16F7-4668-BE54-9A1E7A4F7556}") = "Substrate.Tests", "Substrate.Tests\Substrate.Tests.csproj", "{9CCE8CC8-BCBC-403C-8A99-16A65C285E5F}"
EndProject
Global
	GlobalSection(SolutionConfigurationPlatforms) = preSolution
		Debug|Any CPU = Debug|Any CPU
		Release|Any CPU = Release|Any CPU
	EndGlobalSection
	GlobalSection(ProjectConfigurationPlatforms) = postSolution
		{6291CF3A-FD5C-48B1-9181-91961F61B6BE}.Debug|Any CPU.ActiveCfg = Debug|Any CPU
		{6291CF3A-FD5C-48B1-9181-91961F61B6BE}.Debug|Any CPU.Build.0 = Debug|Any CPU
		{6291CF3A-FD5C-48B1-9181-91961F61B6BE}.Release|Any CPU.ActiveCfg = Release|Any CPU
		{6291CF3A-FD5C-48B1-9181-91961F61B6BE}.Release|Any CPU.Build.0 = Release|Any CPU
		{3DA6B692-FBDC-4ABB-8B8E-C7CAC4D94AAA}.Debug|Any CPU.ActiveCfg = Debug|Any CPU
		{3DA6B692-FBDC-4ABB-8B8E-C7CAC4D94AAA}.Debug|Any CPU.Build.0 = Debug|Any CPU
		{3DA6B692-FBDC-4ABB-8B8E-C7CAC4D94AAA}.Release|Any CPU.ActiveCfg = Release|Any CPU
		{3DA6B692-FBDC-4ABB-8B8E-C7CAC4D94AAA}.Release|Any CPU.Build.0 = Release|Any CPU
		{9CCE8CC8-BCBC-403C-8A99-16A65C285E5F}.Debug|Any CPU.ActiveCfg = Debug|Any CPU
		{9CCE8CC8-BCBC-403C-8A99-16A65C285E5F}.Debug|Any CPU.Build.0 = Debug|Any CPU
		{9CCE8CC8-BCBC-403C-8A99-16A65C285E5F}.Release|Any CPU.ActiveCfg = Release|Any CPU
		{9CCE8CC8-BCBC-403C-8A99-16A65C285E5F}.Release|Any CPU.Build.0 = Release|Any CPU
	EndGlobalSection
	GlobalSection(SolutionProperties) = preSolution
		HideSolutionNode = FALSE
	EndGlobalSection
	GlobalSection(ExtensibilityGlobals) = postSolution
		SolutionGuid = {19C9907F-E222-4A60-B1E4-8840B7E7C57D}
	EndGlobalSection
EndGlobal
