
Microsoft Visual Studio Solution File, Format Version 12.00
# Visual Studio 14
VisualStudioVersion = 14.0.25123.0
MinimumVisualStudioVersion = 10.0.40219.1
Project("{FAE04EC0-301F-11D3-BF4B-00C04F79EFBC}") = "Substrate (NET2)", "Substrate (NET2).csproj", "{AFE30E14-3F2F-4461-9F7D-147AB4DCA4C3}"
EndProject
Project("{FAE04EC0-301F-11D3-BF4B-00C04F79EFBC}") = "Substrate (NET4)", "Substrate (NET4).csproj", "{7264A1C4-AB4A-4437-B252-7379B98B5509}"
EndProject
Project("{2150E333-8FDC-42A3-9474-1A3956D46DE8}") = "Solution Items", "Solution Items", "{3E89D2F4-E9AF-4DBC-AB0B-8BED3C607012}"
EndProject
Project("{FAE04EC0-301F-11D3-BF4B-00C04F79EFBC}") = "Substrate.Tests", "..\Substrate.Tests\Substrate.Tests.csproj", "{5D875E2D-AD97-43DB-9180-DBA3F26DC569}"
EndProject
Global
	GlobalSection(SolutionConfigurationPlatforms) = preSolution
		Debug|Any CPU = Debug|Any CPU
		Release|Any CPU = Release|Any CPU
	EndGlobalSection
	GlobalSection(ProjectConfigurationPlatforms) = postSolution
		{AFE30E14-3F2F-4461-9F7D-147AB4DCA4C3}.Debug|Any CPU.ActiveCfg = Debug|Any CPU
		{AFE30E14-3F2F-4461-9F7D-147AB4DCA4C3}.Debug|Any CPU.Build.0 = Debug|Any CPU
		{AFE30E14-3F2F-4461-9F7D-147AB4DCA4C3}.Release|Any CPU.ActiveCfg = Release|Any CPU
		{AFE30E14-3F2F-4461-9F7D-147AB4DCA4C3}.Release|Any CPU.Build.0 = Release|Any CPU
		{7264A1C4-AB4A-4437-B252-7379B98B5509}.Debug|Any CPU.ActiveCfg = Debug|Any CPU
		{7264A1C4-AB4A-4437-B252-7379B98B5509}.Debug|Any CPU.Build.0 = Debug|Any CPU
		{7264A1C4-AB4A-4437-B252-7379B98B5509}.Release|Any CPU.ActiveCfg = Release|Any CPU
		{7264A1C4-AB4A-4437-B252-7379B98B5509}.Release|Any CPU.Build.0 = Release|Any CPU
		{5D875E2D-AD97-43DB-9180-DBA3F26DC569}.Debug|Any CPU.ActiveCfg = net40-client-Debug|Any CPU
		{5D875E2D-AD97-43DB-9180-DBA3F26DC569}.Debug|Any CPU.Build.0 = net40-client-Debug|Any CPU
		{5D875E2D-AD97-43DB-9180-DBA3F26DC569}.Release|Any CPU.ActiveCfg = net40-client-Release|Any CPU
		{5D875E2D-AD97-43DB-9180-DBA3F26DC569}.Release|Any CPU.Build.0 = net40-client-Release|Any CPU
	EndGlobalSection
	GlobalSection(SolutionProperties) = preSolution
		HideSolutionNode = FALSE
	EndGlobalSection
EndGlobal
